
Microsoft Visual Studio Solution File, Format Version 12.00
# Visual Studio 15
VisualStudioVersion = 15.0.28307.1169
MinimumVisualStudioVersion = 10.0.40219.1
Project("{FAE04EC0-301F-11D3-BF4B-00C04F79EFBC}") = "mvcgit2", "mvcgit2\mvcgit2.csproj", "{A52AB562-119F-489B-9C09-1E7FC9204C77}"
EndProject
Global
	GlobalSection(SolutionConfigurationPlatforms) = preSolution
		Debug|Any CPU = Debug|Any CPU
		Release|Any CPU = Release|Any CPU
	EndGlobalSection
	GlobalSection(ProjectConfigurationPlatforms) = postSolution
		{A52AB562-119F-489B-9C09-1E7FC9204C77}.Debug|Any CPU.ActiveCfg = Debug|Any CPU
		{A52AB562-119F-489B-9C09-1E7FC9204C77}.Debug|Any CPU.Build.0 = Debug|Any CPU
		{A52AB562-119F-489B-9C09-1E7FC9204C77}.Release|Any CPU.ActiveCfg = Release|Any CPU
		{A52AB562-119F-489B-9C09-1E7FC9204C77}.Release|Any CPU.Build.0 = Release|Any CPU
	EndGlobalSection
	GlobalSection(SolutionProperties) = preSolution
		HideSolutionNode = FALSE
	EndGlobalSection
	GlobalSection(ExtensibilityGlobals) = postSolution
		SolutionGuid = {810D51C3-A0AC-4F0F-BBD9-1BBE4BA77F9D}
	EndGlobalSection
EndGlobal
